
Microsoft Visual Studio Solution File, Format Version 12.00
# Visual Studio 15
VisualStudioVersion = 15.0.27428.2005
MinimumVisualStudioVersion = 10.0.40219.1
Project("{2150E333-8FDC-42A3-9474-1A3956D46DE8}") = "src", "src", "{511B676A-E926-41B3-A834-E8744CA6BCFB}"
EndProject
Project("{FAE04EC0-301F-11D3-BF4B-00C04F79EFBC}") = "Earth", "Earth\Earth.csproj", "{386B6DC4-3395-4065-8E81-1F7068EF373D}"
EndProject
Project("{E53339B2-1760-4266-BCC7-CA923CBCF16C}") = "docker-compose", "docker-compose.dcproj", "{88CE11DA-66F6-41E0-B9D8-F57D74902A54}"
EndProject
Project("{FAE04EC0-301F-11D3-BF4B-00C04F79EFBC}") = "Satellite", "Satellite\Satellite.csproj", "{737E2C75-17C3-43AC-998F-FCB152942C7C}"
EndProject
Project("{2150E333-8FDC-42A3-9474-1A3956D46DE8}") = "BuildingBlocks", "BuildingBlocks", "{08E61C55-14A9-4690-89FC-7FD08BC20811}"
EndProject
Global
	GlobalSection(SolutionConfigurationPlatforms) = preSolution
		Debug|Any CPU = Debug|Any CPU
		Release|Any CPU = Release|Any CPU
	EndGlobalSection
	GlobalSection(ProjectConfigurationPlatforms) = postSolution
		{386B6DC4-3395-4065-8E81-1F7068EF373D}.Debug|Any CPU.ActiveCfg = Debug|Any CPU
		{386B6DC4-3395-4065-8E81-1F7068EF373D}.Debug|Any CPU.Build.0 = Debug|Any CPU
		{386B6DC4-3395-4065-8E81-1F7068EF373D}.Release|Any CPU.ActiveCfg = Release|Any CPU
		{386B6DC4-3395-4065-8E81-1F7068EF373D}.Release|Any CPU.Build.0 = Release|Any CPU
		{88CE11DA-66F6-41E0-B9D8-F57D74902A54}.Debug|Any CPU.ActiveCfg = Debug|Any CPU
		{88CE11DA-66F6-41E0-B9D8-F57D74902A54}.Debug|Any CPU.Build.0 = Debug|Any CPU
		{88CE11DA-66F6-41E0-B9D8-F57D74902A54}.Release|Any CPU.ActiveCfg = Release|Any CPU
		{88CE11DA-66F6-41E0-B9D8-F57D74902A54}.Release|Any CPU.Build.0 = Release|Any CPU
		{737E2C75-17C3-43AC-998F-FCB152942C7C}.Debug|Any CPU.ActiveCfg = Debug|Any CPU
		{737E2C75-17C3-43AC-998F-FCB152942C7C}.Debug|Any CPU.Build.0 = Debug|Any CPU
		{737E2C75-17C3-43AC-998F-FCB152942C7C}.Release|Any CPU.ActiveCfg = Release|Any CPU
		{737E2C75-17C3-43AC-998F-FCB152942C7C}.Release|Any CPU.Build.0 = Release|Any CPU
	EndGlobalSection
	GlobalSection(SolutionProperties) = preSolution
		HideSolutionNode = FALSE
	EndGlobalSection
	GlobalSection(NestedProjects) = preSolution
		{386B6DC4-3395-4065-8E81-1F7068EF373D} = {511B676A-E926-41B3-A834-E8744CA6BCFB}
		{737E2C75-17C3-43AC-998F-FCB152942C7C} = {511B676A-E926-41B3-A834-E8744CA6BCFB}
		{08E61C55-14A9-4690-89FC-7FD08BC20811} = {511B676A-E926-41B3-A834-E8744CA6BCFB}
	EndGlobalSection
	GlobalSection(ExtensibilityGlobals) = postSolution
		SolutionGuid = {573AA47C-2866-4DBC-AD22-4E51B14CEA97}
	EndGlobalSection
EndGlobal
