
Microsoft Visual Studio Solution File, Format Version 12.00
# Visual Studio 15
VisualStudioVersion = 15.0.27428.2005
MinimumVisualStudioVersion = 10.0.40219.1
Project("{2150E333-8FDC-42A3-9474-1A3956D46DE8}") = "src", "src", "{511B676A-E926-41B3-A834-E8744CA6BCFB}"
EndProject
Project("{E53339B2-1760-4266-BCC7-CA923CBCF16C}") = "docker-compose", "docker-compose.dcproj", "{88CE11DA-66F6-41E0-B9D8-F57D74902A54}"
EndProject
Project("{2150E333-8FDC-42A3-9474-1A3956D46DE8}") = "BuildingBlocks", "BuildingBlocks", "{08E61C55-14A9-4690-89FC-7FD08BC20811}"
EndProject
Project("{9A19103F-16F7-4668-BE54-9A1E7A4F7556}") = "Satellite", "src\Satellite\Satellite.csproj", "{7268038A-ED41-49E5-B3F8-8CA08C1D5AF9}"
EndProject
Project("{9A19103F-16F7-4668-BE54-9A1E7A4F7556}") = "Earth", "src\Earth\Earth.csproj", "{D3E020BF-0B3A-472B-9FC0-291F50983D04}"
EndProject
Project("{9A19103F-16F7-4668-BE54-9A1E7A4F7556}") = "Shuttle.Bus", "src\BuildingBlocks\Shuttle.Bus\Shuttle.Bus.csproj", "{545325FB-F439-439F-ADE0-D723C3B5934D}"
EndProject
Global
	GlobalSection(SolutionConfigurationPlatforms) = preSolution
		Debug|Any CPU = Debug|Any CPU
		Release|Any CPU = Release|Any CPU
	EndGlobalSection
	GlobalSection(ProjectConfigurationPlatforms) = postSolution
		{88CE11DA-66F6-41E0-B9D8-F57D74902A54}.Debug|Any CPU.ActiveCfg = Debug|Any CPU
		{88CE11DA-66F6-41E0-B9D8-F57D74902A54}.Debug|Any CPU.Build.0 = Debug|Any CPU
		{88CE11DA-66F6-41E0-B9D8-F57D74902A54}.Release|Any CPU.ActiveCfg = Release|Any CPU
		{88CE11DA-66F6-41E0-B9D8-F57D74902A54}.Release|Any CPU.Build.0 = Release|Any CPU
		{7268038A-ED41-49E5-B3F8-8CA08C1D5AF9}.Debug|Any CPU.ActiveCfg = Debug|Any CPU
		{7268038A-ED41-49E5-B3F8-8CA08C1D5AF9}.Debug|Any CPU.Build.0 = Debug|Any CPU
		{7268038A-ED41-49E5-B3F8-8CA08C1D5AF9}.Release|Any CPU.ActiveCfg = Release|Any CPU
		{7268038A-ED41-49E5-B3F8-8CA08C1D5AF9}.Release|Any CPU.Build.0 = Release|Any CPU
		{D3E020BF-0B3A-472B-9FC0-291F50983D04}.Debug|Any CPU.ActiveCfg = Debug|Any CPU
		{D3E020BF-0B3A-472B-9FC0-291F50983D04}.Debug|Any CPU.Build.0 = Debug|Any CPU
		{D3E020BF-0B3A-472B-9FC0-291F50983D04}.Release|Any CPU.ActiveCfg = Release|Any CPU
		{D3E020BF-0B3A-472B-9FC0-291F50983D04}.Release|Any CPU.Build.0 = Release|Any CPU
		{545325FB-F439-439F-ADE0-D723C3B5934D}.Debug|Any CPU.ActiveCfg = Debug|Any CPU
		{545325FB-F439-439F-ADE0-D723C3B5934D}.Debug|Any CPU.Build.0 = Debug|Any CPU
		{545325FB-F439-439F-ADE0-D723C3B5934D}.Release|Any CPU.ActiveCfg = Release|Any CPU
		{545325FB-F439-439F-ADE0-D723C3B5934D}.Release|Any CPU.Build.0 = Release|Any CPU
	EndGlobalSection
	GlobalSection(SolutionProperties) = preSolution
		HideSolutionNode = FALSE
	EndGlobalSection
	GlobalSection(NestedProjects) = preSolution
		{08E61C55-14A9-4690-89FC-7FD08BC20811} = {511B676A-E926-41B3-A834-E8744CA6BCFB}
		{7268038A-ED41-49E5-B3F8-8CA08C1D5AF9} = {511B676A-E926-41B3-A834-E8744CA6BCFB}
		{D3E020BF-0B3A-472B-9FC0-291F50983D04} = {511B676A-E926-41B3-A834-E8744CA6BCFB}
		{545325FB-F439-439F-ADE0-D723C3B5934D} = {08E61C55-14A9-4690-89FC-7FD08BC20811}
	EndGlobalSection
	GlobalSection(ExtensibilityGlobals) = postSolution
		SolutionGuid = {573AA47C-2866-4DBC-AD22-4E51B14CEA97}
	EndGlobalSection
EndGlobal
